
Microsoft Visual Studio Solution File, Format Version 12.00
# Visual Studio 2012
Project("{FAE04EC0-301F-11D3-BF4B-00C04F79EFBC}") = "Farm-Walker", "Farm-Walker\Farm-Walker.csproj", "{B6B9FDD2-749A-4071-A14D-C619986D2745}"
EndProject
Project("{FAE04EC0-301F-11D3-BF4B-00C04F79EFBC}") = "Robot.Test", "Robot.Test\Robot.Test.csproj", "{801DE8F2-0581-4BFA-AD38-C35408C7CF79}"
EndProject
Global
	GlobalSection(SolutionConfigurationPlatforms) = preSolution
		Debug|Any CPU = Debug|Any CPU
		Release|Any CPU = Release|Any CPU
	EndGlobalSection
	GlobalSection(ProjectConfigurationPlatforms) = postSolution
		{B6B9FDD2-749A-4071-A14D-C619986D2745}.Debug|Any CPU.ActiveCfg = Debug|Any CPU
		{B6B9FDD2-749A-4071-A14D-C619986D2745}.Debug|Any CPU.Build.0 = Debug|Any CPU
		{B6B9FDD2-749A-4071-A14D-C619986D2745}.Release|Any CPU.ActiveCfg = Release|Any CPU
		{B6B9FDD2-749A-4071-A14D-C619986D2745}.Release|Any CPU.Build.0 = Release|Any CPU
		{801DE8F2-0581-4BFA-AD38-C35408C7CF79}.Debug|Any CPU.ActiveCfg = Debug|Any CPU
		{801DE8F2-0581-4BFA-AD38-C35408C7CF79}.Debug|Any CPU.Build.0 = Debug|Any CPU
		{801DE8F2-0581-4BFA-AD38-C35408C7CF79}.Release|Any CPU.ActiveCfg = Release|Any CPU
		{801DE8F2-0581-4BFA-AD38-C35408C7CF79}.Release|Any CPU.Build.0 = Release|Any CPU
	EndGlobalSection
	GlobalSection(SolutionProperties) = preSolution
		HideSolutionNode = FALSE
	EndGlobalSection
EndGlobal
